
Microsoft Visual Studio Solution File, Format Version 12.00
# Visual Studio Version 17
VisualStudioVersion = 17.10.35013.160
MinimumVisualStudioVersion = 10.0.40219.1
Project("{FAE04EC0-301F-11D3-BF4B-00C04F79EFBC}") = "CafeMenu.Core", "CafeMenu.Core\CafeMenu.Core.csproj", "{F50D64A7-AAB3-4946-B717-3F4EA815C424}"
EndProject
Project("{FAE04EC0-301F-11D3-BF4B-00C04F79EFBC}") = "CafeMenu.Entities", "CafeMenu.Entities\CafeMenu.Entities.csproj", "{0AB6A95F-B48B-4C69-902D-F309D8076ADF}"
EndProject
Project("{FAE04EC0-301F-11D3-BF4B-00C04F79EFBC}") = "CafeMenu.DataAccess", "CafeMenu.DataAccess\CafeMenu.DataAccess.csproj", "{04058F38-FC10-438F-AE84-83CA1EC85846}"
EndProject
Project("{FAE04EC0-301F-11D3-BF4B-00C04F79EFBC}") = "CafeMenu.Business", "CafeMenu.Business\CafeMenu.Business.csproj", "{ECCA47B0-F477-4E93-BE08-7846A61EB438}"
EndProject
Project("{FAE04EC0-301F-11D3-BF4B-00C04F79EFBC}") = "CafeMenu.MvcWebUI", "CafeMenu.MvcWebUI\CafeMenu.MvcWebUI.csproj", "{0F745957-E403-43C2-A79B-D7D6CE7E550F}"
EndProject
Global
	GlobalSection(SolutionConfigurationPlatforms) = preSolution
		Debug|Any CPU = Debug|Any CPU
		Release|Any CPU = Release|Any CPU
	EndGlobalSection
	GlobalSection(ProjectConfigurationPlatforms) = postSolution
		{F50D64A7-AAB3-4946-B717-3F4EA815C424}.Debug|Any CPU.ActiveCfg = Debug|Any CPU
		{F50D64A7-AAB3-4946-B717-3F4EA815C424}.Debug|Any CPU.Build.0 = Debug|Any CPU
		{F50D64A7-AAB3-4946-B717-3F4EA815C424}.Release|Any CPU.ActiveCfg = Release|Any CPU
		{F50D64A7-AAB3-4946-B717-3F4EA815C424}.Release|Any CPU.Build.0 = Release|Any CPU
		{0AB6A95F-B48B-4C69-902D-F309D8076ADF}.Debug|Any CPU.ActiveCfg = Debug|Any CPU
		{0AB6A95F-B48B-4C69-902D-F309D8076ADF}.Debug|Any CPU.Build.0 = Debug|Any CPU
		{0AB6A95F-B48B-4C69-902D-F309D8076ADF}.Release|Any CPU.ActiveCfg = Release|Any CPU
		{0AB6A95F-B48B-4C69-902D-F309D8076ADF}.Release|Any CPU.Build.0 = Release|Any CPU
		{04058F38-FC10-438F-AE84-83CA1EC85846}.Debug|Any CPU.ActiveCfg = Debug|Any CPU
		{04058F38-FC10-438F-AE84-83CA1EC85846}.Debug|Any CPU.Build.0 = Debug|Any CPU
		{04058F38-FC10-438F-AE84-83CA1EC85846}.Release|Any CPU.ActiveCfg = Release|Any CPU
		{04058F38-FC10-438F-AE84-83CA1EC85846}.Release|Any CPU.Build.0 = Release|Any CPU
		{ECCA47B0-F477-4E93-BE08-7846A61EB438}.Debug|Any CPU.ActiveCfg = Debug|Any CPU
		{ECCA47B0-F477-4E93-BE08-7846A61EB438}.Debug|Any CPU.Build.0 = Debug|Any CPU
		{ECCA47B0-F477-4E93-BE08-7846A61EB438}.Release|Any CPU.ActiveCfg = Release|Any CPU
		{ECCA47B0-F477-4E93-BE08-7846A61EB438}.Release|Any CPU.Build.0 = Release|Any CPU
		{0F745957-E403-43C2-A79B-D7D6CE7E550F}.Debug|Any CPU.ActiveCfg = Debug|Any CPU
		{0F745957-E403-43C2-A79B-D7D6CE7E550F}.Debug|Any CPU.Build.0 = Debug|Any CPU
		{0F745957-E403-43C2-A79B-D7D6CE7E550F}.Release|Any CPU.ActiveCfg = Release|Any CPU
		{0F745957-E403-43C2-A79B-D7D6CE7E550F}.Release|Any CPU.Build.0 = Release|Any CPU
	EndGlobalSection
	GlobalSection(SolutionProperties) = preSolution
		HideSolutionNode = FALSE
	EndGlobalSection
	GlobalSection(ExtensibilityGlobals) = postSolution
		SolutionGuid = {14F66F1D-CDE9-4780-AB6F-9CB560B121F6}
	EndGlobalSection
EndGlobal
